
Microsoft Visual Studio Solution File, Format Version 12.00
# Visual Studio Version 16
VisualStudioVersion = 16.0.29613.14
MinimumVisualStudioVersion = 10.0.40219.1
Project("{FAE04EC0-301F-11D3-BF4B-00C04F79EFBC}") = "FitAirlines.UI", "FitAirlines_UI\FitAirlines.UI.csproj", "{D20350EF-B397-4232-B593-8EA50EA274ED}"
EndProject
Project("{9A19103F-16F7-4668-BE54-9A1E7A4F7556}") = "FitAirlines.WebAPI", "FitAirlines.WebAPI\FitAirlines.WebAPI.csproj", "{775812DA-A3E7-4A10-95E1-EC20A53385D3}"
EndProject
Project("{9A19103F-16F7-4668-BE54-9A1E7A4F7556}") = "FitAirlines.Model", "FitAirlines.Model\FitAirlines.Model.csproj", "{4BA07C1D-2BE7-4FA2-9455-DAC14657AE86}"
EndProject
Project("{2150E333-8FDC-42A3-9474-1A3956D46DE8}") = "Mobile", "Mobile", "{816C1147-CEB0-43D2-A570-8F972AD87ED7}"
EndProject
Project("{FAE04EC0-301F-11D3-BF4B-00C04F79EFBC}") = "FitAirlines.Mobile.UWP", "FitAirlines.Mobile\FitAirlines.Mobile.UWP\FitAirlines.Mobile.UWP.csproj", "{88858BBE-695D-47F8-B431-7E3FBFE6E986}"
EndProject
Project("{FAE04EC0-301F-11D3-BF4B-00C04F79EFBC}") = "FitAirlines.Mobile", "FitAirlines.Mobile\FitAirlines.Mobile\FitAirlines.Mobile.csproj", "{37407EED-7E99-4061-8432-5A1005586094}"
EndProject
Global
	GlobalSection(SolutionConfigurationPlatforms) = preSolution
		Debug|Any CPU = Debug|Any CPU
		Debug|ARM = Debug|ARM
		Debug|x64 = Debug|x64
		Debug|x86 = Debug|x86
		Release|Any CPU = Release|Any CPU
		Release|ARM = Release|ARM
		Release|x64 = Release|x64
		Release|x86 = Release|x86
	EndGlobalSection
	GlobalSection(ProjectConfigurationPlatforms) = postSolution
		{D20350EF-B397-4232-B593-8EA50EA274ED}.Debug|Any CPU.ActiveCfg = Debug|Any CPU
		{D20350EF-B397-4232-B593-8EA50EA274ED}.Debug|Any CPU.Build.0 = Debug|Any CPU
		{D20350EF-B397-4232-B593-8EA50EA274ED}.Debug|ARM.ActiveCfg = Debug|Any CPU
		{D20350EF-B397-4232-B593-8EA50EA274ED}.Debug|ARM.Build.0 = Debug|Any CPU
		{D20350EF-B397-4232-B593-8EA50EA274ED}.Debug|x64.ActiveCfg = Debug|Any CPU
		{D20350EF-B397-4232-B593-8EA50EA274ED}.Debug|x64.Build.0 = Debug|Any CPU
		{D20350EF-B397-4232-B593-8EA50EA274ED}.Debug|x86.ActiveCfg = Debug|Any CPU
		{D20350EF-B397-4232-B593-8EA50EA274ED}.Debug|x86.Build.0 = Debug|Any CPU
		{D20350EF-B397-4232-B593-8EA50EA274ED}.Release|Any CPU.ActiveCfg = Release|Any CPU
		{D20350EF-B397-4232-B593-8EA50EA274ED}.Release|Any CPU.Build.0 = Release|Any CPU
		{D20350EF-B397-4232-B593-8EA50EA274ED}.Release|ARM.ActiveCfg = Release|Any CPU
		{D20350EF-B397-4232-B593-8EA50EA274ED}.Release|ARM.Build.0 = Release|Any CPU
		{D20350EF-B397-4232-B593-8EA50EA274ED}.Release|x64.ActiveCfg = Release|Any CPU
		{D20350EF-B397-4232-B593-8EA50EA274ED}.Release|x64.Build.0 = Release|Any CPU
		{D20350EF-B397-4232-B593-8EA50EA274ED}.Release|x86.ActiveCfg = Release|Any CPU
		{D20350EF-B397-4232-B593-8EA50EA274ED}.Release|x86.Build.0 = Release|Any CPU
		{775812DA-A3E7-4A10-95E1-EC20A53385D3}.Debug|Any CPU.ActiveCfg = Debug|Any CPU
		{775812DA-A3E7-4A10-95E1-EC20A53385D3}.Debug|Any CPU.Build.0 = Debug|Any CPU
		{775812DA-A3E7-4A10-95E1-EC20A53385D3}.Debug|ARM.ActiveCfg = Debug|Any CPU
		{775812DA-A3E7-4A10-95E1-EC20A53385D3}.Debug|ARM.Build.0 = Debug|Any CPU
		{775812DA-A3E7-4A10-95E1-EC20A53385D3}.Debug|x64.ActiveCfg = Debug|Any CPU
		{775812DA-A3E7-4A10-95E1-EC20A53385D3}.Debug|x64.Build.0 = Debug|Any CPU
		{775812DA-A3E7-4A10-95E1-EC20A53385D3}.Debug|x86.ActiveCfg = Debug|Any CPU
		{775812DA-A3E7-4A10-95E1-EC20A53385D3}.Debug|x86.Build.0 = Debug|Any CPU
		{775812DA-A3E7-4A10-95E1-EC20A53385D3}.Release|Any CPU.ActiveCfg = Release|Any CPU
		{775812DA-A3E7-4A10-95E1-EC20A53385D3}.Release|Any CPU.Build.0 = Release|Any CPU
		{775812DA-A3E7-4A10-95E1-EC20A53385D3}.Release|ARM.ActiveCfg = Release|Any CPU
		{775812DA-A3E7-4A10-95E1-EC20A53385D3}.Release|ARM.Build.0 = Release|Any CPU
		{775812DA-A3E7-4A10-95E1-EC20A53385D3}.Release|x64.ActiveCfg = Release|Any CPU
		{775812DA-A3E7-4A10-95E1-EC20A53385D3}.Release|x64.Build.0 = Release|Any CPU
		{775812DA-A3E7-4A10-95E1-EC20A53385D3}.Release|x86.ActiveCfg = Release|Any CPU
		{775812DA-A3E7-4A10-95E1-EC20A53385D3}.Release|x86.Build.0 = Release|Any CPU
		{4BA07C1D-2BE7-4FA2-9455-DAC14657AE86}.Debug|Any CPU.ActiveCfg = Debug|Any CPU
		{4BA07C1D-2BE7-4FA2-9455-DAC14657AE86}.Debug|Any CPU.Build.0 = Debug|Any CPU
		{4BA07C1D-2BE7-4FA2-9455-DAC14657AE86}.Debug|ARM.ActiveCfg = Debug|Any CPU
		{4BA07C1D-2BE7-4FA2-9455-DAC14657AE86}.Debug|ARM.Build.0 = Debug|Any CPU
		{4BA07C1D-2BE7-4FA2-9455-DAC14657AE86}.Debug|x64.ActiveCfg = Debug|Any CPU
		{4BA07C1D-2BE7-4FA2-9455-DAC14657AE86}.Debug|x64.Build.0 = Debug|Any CPU
		{4BA07C1D-2BE7-4FA2-9455-DAC14657AE86}.Debug|x86.ActiveCfg = Debug|Any CPU
		{4BA07C1D-2BE7-4FA2-9455-DAC14657AE86}.Debug|x86.Build.0 = Debug|Any CPU
		{4BA07C1D-2BE7-4FA2-9455-DAC14657AE86}.Release|Any CPU.ActiveCfg = Release|Any CPU
		{4BA07C1D-2BE7-4FA2-9455-DAC14657AE86}.Release|Any CPU.Build.0 = Release|Any CPU
		{4BA07C1D-2BE7-4FA2-9455-DAC14657AE86}.Release|ARM.ActiveCfg = Release|Any CPU
		{4BA07C1D-2BE7-4FA2-9455-DAC14657AE86}.Release|ARM.Build.0 = Release|Any CPU
		{4BA07C1D-2BE7-4FA2-9455-DAC14657AE86}.Release|x64.ActiveCfg = Release|Any CPU
		{4BA07C1D-2BE7-4FA2-9455-DAC14657AE86}.Release|x64.Build.0 = Release|Any CPU
		{4BA07C1D-2BE7-4FA2-9455-DAC14657AE86}.Release|x86.ActiveCfg = Release|Any CPU
		{4BA07C1D-2BE7-4FA2-9455-DAC14657AE86}.Release|x86.Build.0 = Release|Any CPU
		{88858BBE-695D-47F8-B431-7E3FBFE6E986}.Debug|Any CPU.ActiveCfg = Debug|x86
		{88858BBE-695D-47F8-B431-7E3FBFE6E986}.Debug|Any CPU.Build.0 = Debug|x86
		{88858BBE-695D-47F8-B431-7E3FBFE6E986}.Debug|Any CPU.Deploy.0 = Debug|x86
		{88858BBE-695D-47F8-B431-7E3FBFE6E986}.Debug|ARM.ActiveCfg = Debug|ARM
		{88858BBE-695D-47F8-B431-7E3FBFE6E986}.Debug|ARM.Build.0 = Debug|ARM
		{88858BBE-695D-47F8-B431-7E3FBFE6E986}.Debug|ARM.Deploy.0 = Debug|ARM
		{88858BBE-695D-47F8-B431-7E3FBFE6E986}.Debug|x64.ActiveCfg = Debug|x64
		{88858BBE-695D-47F8-B431-7E3FBFE6E986}.Debug|x64.Build.0 = Debug|x64
		{88858BBE-695D-47F8-B431-7E3FBFE6E986}.Debug|x64.Deploy.0 = Debug|x64
		{88858BBE-695D-47F8-B431-7E3FBFE6E986}.Debug|x86.ActiveCfg = Debug|x86
		{88858BBE-695D-47F8-B431-7E3FBFE6E986}.Debug|x86.Build.0 = Debug|x86
		{88858BBE-695D-47F8-B431-7E3FBFE6E986}.Debug|x86.Deploy.0 = Debug|x86
		{88858BBE-695D-47F8-B431-7E3FBFE6E986}.Release|Any CPU.ActiveCfg = Release|x86
		{88858BBE-695D-47F8-B431-7E3FBFE6E986}.Release|ARM.ActiveCfg = Release|ARM
		{88858BBE-695D-47F8-B431-7E3FBFE6E986}.Release|ARM.Build.0 = Release|ARM
		{88858BBE-695D-47F8-B431-7E3FBFE6E986}.Release|ARM.Deploy.0 = Release|ARM
		{88858BBE-695D-47F8-B431-7E3FBFE6E986}.Release|x64.ActiveCfg = Release|x64
		{88858BBE-695D-47F8-B431-7E3FBFE6E986}.Release|x64.Build.0 = Release|x64
		{88858BBE-695D-47F8-B431-7E3FBFE6E986}.Release|x64.Deploy.0 = Release|x64
		{88858BBE-695D-47F8-B431-7E3FBFE6E986}.Release|x86.ActiveCfg = Release|x86
		{88858BBE-695D-47F8-B431-7E3FBFE6E986}.Release|x86.Build.0 = Release|x86
		{88858BBE-695D-47F8-B431-7E3FBFE6E986}.Release|x86.Deploy.0 = Release|x86
		{37407EED-7E99-4061-8432-5A1005586094}.Debug|Any CPU.ActiveCfg = Debug|Any CPU
		{37407EED-7E99-4061-8432-5A1005586094}.Debug|Any CPU.Build.0 = Debug|Any CPU
		{37407EED-7E99-4061-8432-5A1005586094}.Debug|ARM.ActiveCfg = Debug|Any CPU
		{37407EED-7E99-4061-8432-5A1005586094}.Debug|ARM.Build.0 = Debug|Any CPU
		{37407EED-7E99-4061-8432-5A1005586094}.Debug|x64.ActiveCfg = Debug|Any CPU
		{37407EED-7E99-4061-8432-5A1005586094}.Debug|x64.Build.0 = Debug|Any CPU
		{37407EED-7E99-4061-8432-5A1005586094}.Debug|x86.ActiveCfg = Debug|Any CPU
		{37407EED-7E99-4061-8432-5A1005586094}.Debug|x86.Build.0 = Debug|Any CPU
		{37407EED-7E99-4061-8432-5A1005586094}.Release|Any CPU.ActiveCfg = Release|Any CPU
		{37407EED-7E99-4061-8432-5A1005586094}.Release|Any CPU.Build.0 = Release|Any CPU
		{37407EED-7E99-4061-8432-5A1005586094}.Release|ARM.ActiveCfg = Release|Any CPU
		{37407EED-7E99-4061-8432-5A1005586094}.Release|ARM.Build.0 = Release|Any CPU
		{37407EED-7E99-4061-8432-5A1005586094}.Release|x64.ActiveCfg = Release|Any CPU
		{37407EED-7E99-4061-8432-5A1005586094}.Release|x64.Build.0 = Release|Any CPU
		{37407EED-7E99-4061-8432-5A1005586094}.Release|x86.ActiveCfg = Release|Any CPU
		{37407EED-7E99-4061-8432-5A1005586094}.Release|x86.Build.0 = Release|Any CPU
	EndGlobalSection
	GlobalSection(SolutionProperties) = preSolution
		HideSolutionNode = FALSE
	EndGlobalSection
	GlobalSection(NestedProjects) = preSolution
		{88858BBE-695D-47F8-B431-7E3FBFE6E986} = {816C1147-CEB0-43D2-A570-8F972AD87ED7}
		{37407EED-7E99-4061-8432-5A1005586094} = {816C1147-CEB0-43D2-A570-8F972AD87ED7}
	EndGlobalSection
	GlobalSection(ExtensibilityGlobals) = postSolution
		SolutionGuid = {0B6B61BA-AF77-4D75-A6EC-8B85CD870032}
	EndGlobalSection
EndGlobal
